{
  "name": "COVID19-mesa",
  "lockfileVersion": 3,
  "requires": true,
  "packages": {
    "": {
      "dependencies": {
        "pixi.js": "^7.0.5"
      }
    },
    "node_modules/@pixi/accessibility": {
      "version": "7.0.5",
      "resolved": "https://registry.npmjs.org/@pixi/accessibility/-/accessibility-7.0.5.tgz",
      "integrity": "sha512-+Wiwu7Vj19wa0CrtXlzmswtwNUGsjDCjtmI3HbKHQ3MphjHUKmgx3ga7NL1O53Mwr9XGhkHCOrZzW04fGCtXoA=="
    },
    "node_modules/@pixi/app": {
      "version": "7.0.5",
      "resolved": "https://registry.npmjs.org/@pixi/app/-/app-7.0.5.tgz",
      "integrity": "sha512-fLOJKywqwb4l9mJOE1tgfAhGxqhwb9/UlntivyXQXI6hTYDUivpzIWrWoV+mE09yAvwaw8PR1gnhPuagjrjDuQ=="
    },
    "node_modules/@pixi/assets": {
      "version": "7.0.5",
      "resolved": "https://registry.npmjs.org/@pixi/assets/-/assets-7.0.5.tgz",
      "integrity": "sha512-GGFrFIAQRzSmmC9ZALSIwaGZNi10Rt0MbuedK+oGPKtSuvQJ37bNGL4sU7PXsTulBdBMUQgbIzmq6FBPnpV9kA==",
      "dependencies": {
        "@types/css-font-loading-module": "^0.0.7"
      }
    },
    "node_modules/@pixi/compressed-textures": {
      "version": "7.0.5",
      "resolved": "https://registry.npmjs.org/@pixi/compressed-textures/-/compressed-textures-7.0.5.tgz",
      "integrity": "sha512-OWEtcaPurtpYJLLzDZHq6wDI67ajPb4xl/t+O29Q3PrFSEmZXFfw5lMsDgh9MY4d62jpZwx2dH4QEBK1qjOBvQ=="
    },
    "node_modules/@pixi/constants": {
      "version": "7.0.5",
      "resolved": "https://registry.npmjs.org/@pixi/constants/-/constants-7.0.5.tgz",
      "integrity": "sha512-4u5UqLo+8uuUon2EBIjSxUo80r7eUr1gWpFAg2B9ziRJePl5Q75azYX+77uVp5cFnloYIcSuNyjtJFdQ/umDgg=="
    },
    "node_modules/@pixi/core": {
      "version": "7.0.5",
      "resolved": "https://registry.npmjs.org/@pixi/core/-/core-7.0.5.tgz",
      "integrity": "sha512-+7SgV45t7lw7r8XhtYMv+p0ehc7UPHv9qlMem7Cb/2cZqwxa9Z7TUzQlI9ENb/OsEqURSQ0PJ5ANgEOqQiciiA==",
      "dependencies": {
        "@pixi/constants": "7.0.5",
        "@pixi/extensions": "7.0.5",
        "@pixi/math": "7.0.5",
        "@pixi/runner": "7.0.5",
        "@pixi/settings": "7.0.5",
        "@pixi/ticker": "7.0.5",
        "@pixi/utils": "7.0.5",
        "@types/offscreencanvas": "^2019.6.4"
      },
      "funding": {
        "type": "opencollective",
        "url": "https://opencollective.com/pixijs"
      }
    },
    "node_modules/@pixi/display": {
      "version": "7.0.5",
      "resolved": "https://registry.npmjs.org/@pixi/display/-/display-7.0.5.tgz",
      "integrity": "sha512-9sXXn7HMFJo5cb4KU3Bdzzhhler9KBuPotHG57gew1MbsMCP32+lvPzqMB1bj6OU0QLjknJxvON77j13CNBh+w=="
    },
    "node_modules/@pixi/events": {
      "version": "7.0.5",
      "resolved": "https://registry.npmjs.org/@pixi/events/-/events-7.0.5.tgz",
      "integrity": "sha512-WKXSOvyfIl2RF5vFG3sT50gvBhH9SqiO4ymdX3GdRi2R+jB5Xo/vJBaBdZCC9sPqC5avhqj6oorQpcL3YoyJkg=="
    },
    "node_modules/@pixi/extensions": {
      "version": "7.0.5",
      "resolved": "https://registry.npmjs.org/@pixi/extensions/-/extensions-7.0.5.tgz",
      "integrity": "sha512-zCfhMPPZC5dhH0V/GDK1rUEVAT7Ju9K5bIfbd78hbqUZeK7eq8xA8TFEtPE2rdQJesvdDx+qLDv8QhywyR3Y8Q=="
    },
    "node_modules/@pixi/extract": {
      "version": "7.0.5",
      "resolved": "https://registry.npmjs.org/@pixi/extract/-/extract-7.0.5.tgz",
      "integrity": "sha512-HMWTTpl/0IGGCWckpAQnXK+kcoLth2WApL3o9l21MeESbKWwbXk4HdiSM42naY651KWGkkdfP+EjLjXmGmlw5A=="
    },
    "node_modules/@pixi/filter-alpha": {
      "version": "7.0.5",
      "resolved": "https://registry.npmjs.org/@pixi/filter-alpha/-/filter-alpha-7.0.5.tgz",
      "integrity": "sha512-c2ixjkApAXts0oPI//YP3i2OboxvGekGZHhKmDPuHflI2UoRM1Uy8LXMSNe7xOkSXEa/AkC28d9JQBb+6GZ5Fg=="
    },
    "node_modules/@pixi/filter-blur": {
      "version": "7.0.5",
      "resolved": "https://registry.npmjs.org/@pixi/filter-blur/-/filter-blur-7.0.5.tgz",
      "integrity": "sha512-YxncNFYZ/cVRmKVCn1giBiaFaBsYOW+nunx05RV4LJmX9tAxlRFPJLK8Rc1Cqnq5Rk3ZBW4PtXl2gtUIf12haA=="
    },
    "node_modules/@pixi/filter-color-matrix": {
      "version": "7.0.5",
      "resolved": "https://registry.npmjs.org/@pixi/filter-color-matrix/-/filter-color-matrix-7.0.5.tgz",
      "integrity": "sha512-sQX0PSsS6o3MgU/Oxr+S9zPMBk+Dxr9H5zgUVSkVcdZh++WQ1LYCPEBwKQFaSDkQ2M8Dxl/lzJgtA5bqpk6MCw=="
    },
    "node_modules/@pixi/filter-displacement": {
      "version": "7.0.5",
      "resolved": "https://registry.npmjs.org/@pixi/filter-displacement/-/filter-displacement-7.0.5.tgz",
      "integrity": "sha512-5+34agfCpk+wT+uhrp0JK8/9EW/9llGaYl5IdJ1CsqOHdIQjFbhhqmzEs7U6pYeFbHjQ0ABclMsVZ4qc/rMoRw=="
    },
    "node_modules/@pixi/filter-fxaa": {
      "version": "7.0.5",
      "resolved": "https://registry.npmjs.org/@pixi/filter-fxaa/-/filter-fxaa-7.0.5.tgz",
      "integrity": "sha512-o84VCjAvPxGoP+4KehiVQn7v2sJGBvOX+Qxa48v+e/HdRQeuJ31At8XswW5oBAY/7tdM+fJWtNyVJTf2m6HsCQ=="
    },
    "node_modules/@pixi/filter-noise": {
      "version": "7.0.5",
      "resolved": "https://registry.npmjs.org/@pixi/filter-noise/-/filter-noise-7.0.5.tgz",
      "integrity": "sha512-OSwd4jCihDlYCPGCv9pogVeehIYS1WbTxsFeWhMIZBc2sffEJeW3QzKKYzMO9c7sy6IljLEqZV7T3sYrmzA1WA=="
    },
    "node_modules/@pixi/graphics": {
      "version": "7.0.5",
      "resolved": "https://registry.npmjs.org/@pixi/graphics/-/graphics-7.0.5.tgz",
      "integrity": "sha512-I5Y6IpntiEoJB0HOZ7nSw8r3ZHMyyeE8RMCc3Aud6j5B6CtBkpqCHyxOFNmDod2Ymznj/hWBhLl4ee8SJjRdWg=="
    },
    "node_modules/@pixi/math": {
      "version": "7.0.5",
      "resolved": "https://registry.npmjs.org/@pixi/math/-/math-7.0.5.tgz",
      "integrity": "sha512-v8OCcAL8oK8pf2jtsfHJebTdQ3IA5NI/mdv+Err3F3u4hJHSkDeag9woIBZNfim5ATV/1qriv4b1TT9J+uiL3A=="
    },
    "node_modules/@pixi/mesh": {
      "version": "7.0.5",
      "resolved": "https://registry.npmjs.org/@pixi/mesh/-/mesh-7.0.5.tgz",
      "integrity": "sha512-PinHnPbxqou4G4WvwGmmwQAilGHTQd3vC6RlHIOBsxCK/9lw1cQ1Js9VAr0/3cy2Wf5or/AtKTwl0okzBf+4og=="
    },
    "node_modules/@pixi/mesh-extras": {
      "version": "7.0.5",
      "resolved": "https://registry.npmjs.org/@pixi/mesh-extras/-/mesh-extras-7.0.5.tgz",
      "integrity": "sha512-+GW5XmavenmSPwZCJDxnXXrflshv0bQGa1gdD2s/T5RxVEP+GYBqPeW2L9fYPowr7070fzzuSVxmcU1yXpv3lw=="
    },
    "node_modules/@pixi/mixin-cache-as-bitmap": {
      "version": "7.0.5",
      "resolved": "https://registry.npmjs.org/@pixi/mixin-cache-as-bitmap/-/mixin-cache-as-bitmap-7.0.5.tgz",
      "integrity": "sha512-XlSga7zNDWEzKkOJcifAlXg+FU97pnY9RWm6Gd9zFGY9AQCKWgE++if2/wXMk57pvcTPu3E+li6D3nRYihbVfg=="
    },
    "node_modules/@pixi/mixin-get-child-by-name": {
      "version": "7.0.5",
      "resolved": "https://registry.npmjs.org/@pixi/mixin-get-child-by-name/-/mixin-get-child-by-name-7.0.5.tgz",
      "integrity": "sha512-1uVSwlGHGubcaxbzdzWipHvz7DygHWgvxSTpQzSEs8+61EmcuwZHaDj/ceXC7Sir8iP4hp12ScWjii0grMHMfw=="
    },
    "node_modules/@pixi/mixin-get-global-position": {
      "version": "7.0.5",
      "resolved": "https://registry.npmjs.org/@pixi/mixin-get-global-position/-/mixin-get-global-position-7.0.5.tgz",
      "integrity": "sha512-Bnq7tZiViireQeLf+8hcuGNK8DuDZTt5AiEISIptqzy0wMOwoLXeBx7+qLwP8RPvImrGhifDotHxDRNB66psDw=="
    },
    "node_modules/@pixi/particle-container": {
      "version": "7.0.5",
      "resolved": "https://registry.npmjs.org/@pixi/particle-container/-/particle-container-7.0.5.tgz",
      "integrity": "sha512-1BIRunfi2kUe6fvrFWcYGlbEnqOCeK5hUza2aYyNZz/dSB8T6Zfs0SsBjIy5AfyZpyH8U6KJ4tP5qHp93xDlEw=="
    },
    "node_modules/@pixi/prepare": {
      "version": "7.0.5",
      "resolved": "https://registry.npmjs.org/@pixi/prepare/-/prepare-7.0.5.tgz",
      "integrity": "sha512-SdBj5RgXzzJZoIHFopdf5qUbEcNuJSSOOxU0K0WEcaZJH0MPSO5jaUbSKeF/p5C1WfRl2iRc/DzSfBaFBmA9vw=="
    },
    "node_modules/@pixi/runner": {
      "version": "7.0.5",
      "resolved": "https://registry.npmjs.org/@pixi/runner/-/runner-7.0.5.tgz",
      "integrity": "sha512-7Ym6FXwAv+5pM4oPCk4HNiSG7C69W69zZAuoRaz1hvFpu5fi6J4alhDBI1g3u5S+wyQb6ITuwUpNpDLduBuI5w=="
    },
    "node_modules/@pixi/settings": {
      "version": "7.0.5",
      "resolved": "https://registry.npmjs.org/@pixi/settings/-/settings-7.0.5.tgz",
      "integrity": "sha512-79cP7z4v47gCKecEU24dXL83hYZoXcv7xBG+sF0RQhsRyHoU2niCXukorgsKeMn0Gq/kA+UtWdV0tSCns9xjQQ==",
      "dependencies": {
        "@pixi/constants": "7.0.5",
        "@types/css-font-loading-module": "^0.0.7"
      }
    },
    "node_modules/@pixi/sprite": {
      "version": "7.0.5",
      "resolved": "https://registry.npmjs.org/@pixi/sprite/-/sprite-7.0.5.tgz",
      "integrity": "sha512-cWcxz/aB76ZiasQyMa2nugHZn8PmMEk0kmYpdjLCzH+jPf1dpx7YuGuxqR73SbaNuv3sU7Z9BIGZZ7RWr4mpWQ=="
    },
    "node_modules/@pixi/sprite-animated": {
      "version": "7.0.5",
      "resolved": "https://registry.npmjs.org/@pixi/sprite-animated/-/sprite-animated-7.0.5.tgz",
      "integrity": "sha512-pV+3w3PXnrhvgAAle21ZsR+6o5A9Di1A/TrnrVqCCM2442rexjhwOUr+pHiXiogq1GjJaVFh2ULPzbuM2Ja9/Q=="
    },
    "node_modules/@pixi/sprite-tiling": {
      "version": "7.0.5",
      "resolved": "https://registry.npmjs.org/@pixi/sprite-tiling/-/sprite-tiling-7.0.5.tgz",
      "integrity": "sha512-xpZhk8X5OfX40EYdyCUnX8kmwT7OLx0qXFanN6zvEngHC7Rjgc49Avi9urdCRpmr8USARTFjyxPXtAg5AnsUmQ=="
    },
    "node_modules/@pixi/spritesheet": {
      "version": "7.0.5",
      "resolved": "https://registry.npmjs.org/@pixi/spritesheet/-/spritesheet-7.0.5.tgz",
      "integrity": "sha512-Wbvr73mKAB0X6fxPsQs3HduAtk5tTkBAvtAs5+NsSfkPLWjMU8HGpcEx/mr7rrGraw9DxGzZ4bwdeZuGjAWFyA=="
    },
    "node_modules/@pixi/text": {
      "version": "7.0.5",
      "resolved": "https://registry.npmjs.org/@pixi/text/-/text-7.0.5.tgz",
      "integrity": "sha512-B/yUUqUeqx/X0H3I33xalttBJ3KlkADJioDI+K3WW1D6ue6qENnWby/JKd/8ZiqRdQfyZ9jsmsldfR2OEzLIJA=="
    },
    "node_modules/@pixi/text-bitmap": {
      "version": "7.0.5",
      "resolved": "https://registry.npmjs.org/@pixi/text-bitmap/-/text-bitmap-7.0.5.tgz",
      "integrity": "sha512-Ee4apuf8riXQw5j97IyzElS5Vu9Dnk0TvXZQsqzZeZHbmwL5KVjrF4dnRQIL8FGFl1nrq/OpL0HWI83IxqwC6Q=="
    },
    "node_modules/@pixi/ticker": {
      "version": "7.0.5",
      "resolved": "https://registry.npmjs.org/@pixi/ticker/-/ticker-7.0.5.tgz",
      "integrity": "sha512-a/QIvInjKTK5HngkRXjA9EYEuDKkOwEQ4bAZZYx7bjJzFseWULkNsSAdnfqjny+BOLIKhF7u2Hf4n+ef1H2xMg==",
      "dependencies": {
        "@pixi/extensions": "7.0.5",
        "@pixi/settings": "7.0.5"
      }
    },
    "node_modules/@pixi/utils": {
      "version": "7.0.5",
      "resolved": "https://registry.npmjs.org/@pixi/utils/-/utils-7.0.5.tgz",
      "integrity": "sha512-aFweyXTC2dlsyVQNQarsPQXIuuQDIPSV5WI4unU3VpQ+SaKmH3LTHm4+75JgOweGwRclUw4c/kEYf92RmQBmHg==",
      "dependencies": {
        "@pixi/constants": "7.0.5",
        "@pixi/settings": "7.0.5",
        "@types/earcut": "^2.1.0",
        "earcut": "^2.2.4",
        "eventemitter3": "^4.0.0",
        "url": "^0.11.0"
      }
    },
    "node_modules/@types/css-font-loading-module": {
      "version": "0.0.7",
      "resolved": "https://registry.npmjs.org/@types/css-font-loading-module/-/css-font-loading-module-0.0.7.tgz",
      "integrity": "sha512-nl09VhutdjINdWyXxHWN/w9zlNCfr60JUqJbd24YXUuCwgeL0TpFSdElCwb6cxfB6ybE19Gjj4g0jsgkXxKv1Q=="
    },
    "node_modules/@types/earcut": {
      "version": "2.1.1",
      "resolved": "https://registry.npmjs.org/@types/earcut/-/earcut-2.1.1.tgz",
      "integrity": "sha512-w8oigUCDjElRHRRrMvn/spybSMyX8MTkKA5Dv+tS1IE/TgmNZPqUYtvYBXGY8cieSE66gm+szeK+bnbxC2xHTQ=="
    },
    "node_modules/@types/offscreencanvas": {
      "version": "2019.7.0",
      "resolved": "https://registry.npmjs.org/@types/offscreencanvas/-/offscreencanvas-2019.7.0.tgz",
      "integrity": "sha512-PGcyveRIpL1XIqK8eBsmRBt76eFgtzuPiSTyKHZxnGemp2yzGzWpjYKAfK3wIMiU7eH+851yEpiuP8JZerTmWg=="
    },
    "node_modules/earcut": {
      "version": "2.2.4",
      "resolved": "https://registry.npmjs.org/earcut/-/earcut-2.2.4.tgz",
      "integrity": "sha512-/pjZsA1b4RPHbeWZQn66SWS8nZZWLQQ23oE3Eam7aroEFGEvwKAsJfZ9ytiEMycfzXWpca4FA9QIOehf7PocBQ=="
    },
    "node_modules/eventemitter3": {
      "version": "4.0.7",
      "resolved": "https://registry.npmjs.org/eventemitter3/-/eventemitter3-4.0.7.tgz",
      "integrity": "sha512-8guHBZCwKnFhYdHr2ysuRWErTwhoN2X8XELRlrRwpmfeY2jjuUN4taQMsULKUVo1K4DvZl+0pgfyoysHxvmvEw=="
    },
    "node_modules/pixi.js": {
      "version": "7.0.5",
      "resolved": "https://registry.npmjs.org/pixi.js/-/pixi.js-7.0.5.tgz",
      "integrity": "sha512-XCFSUojaIdDz745bvQDmyEsJ6A3eh7mCeGW+esukzLQFPnDP/NvPsJszJKhyRuoktyzJb5xsuV08Eh3Y7+VC3w==",
      "dependencies": {
        "@pixi/accessibility": "7.0.5",
        "@pixi/app": "7.0.5",
        "@pixi/assets": "7.0.5",
        "@pixi/compressed-textures": "7.0.5",
        "@pixi/core": "7.0.5",
        "@pixi/display": "7.0.5",
        "@pixi/events": "7.0.5",
        "@pixi/extensions": "7.0.5",
        "@pixi/extract": "7.0.5",
        "@pixi/filter-alpha": "7.0.5",
        "@pixi/filter-blur": "7.0.5",
        "@pixi/filter-color-matrix": "7.0.5",
        "@pixi/filter-displacement": "7.0.5",
        "@pixi/filter-fxaa": "7.0.5",
        "@pixi/filter-noise": "7.0.5",
        "@pixi/graphics": "7.0.5",
        "@pixi/mesh": "7.0.5",
        "@pixi/mesh-extras": "7.0.5",
        "@pixi/mixin-cache-as-bitmap": "7.0.5",
        "@pixi/mixin-get-child-by-name": "7.0.5",
        "@pixi/mixin-get-global-position": "7.0.5",
        "@pixi/particle-container": "7.0.5",
        "@pixi/prepare": "7.0.5",
        "@pixi/sprite": "7.0.5",
        "@pixi/sprite-animated": "7.0.5",
        "@pixi/sprite-tiling": "7.0.5",
        "@pixi/spritesheet": "7.0.5",
        "@pixi/text": "7.0.5",
        "@pixi/text-bitmap": "7.0.5"
      },
      "funding": {
        "type": "opencollective",
        "url": "https://opencollective.com/pixijs"
      }
    },
    "node_modules/punycode": {
      "version": "1.3.2",
      "resolved": "https://registry.npmjs.org/punycode/-/punycode-1.3.2.tgz",
      "integrity": "sha512-RofWgt/7fL5wP1Y7fxE7/EmTLzQVnB0ycyibJ0OOHIlJqTNzglYFxVwETOcIoJqJmpDXJ9xImDv+Fq34F/d4Dw=="
    },
    "node_modules/querystring": {
      "version": "0.2.0",
      "resolved": "https://registry.npmjs.org/querystring/-/querystring-0.2.0.tgz",
      "integrity": "sha512-X/xY82scca2tau62i9mDyU9K+I+djTMUsvwf7xnUX5GLvVzgJybOJf4Y6o9Zx3oJK/LSXg5tTZBjwzqVPaPO2g==",
      "deprecated": "The querystring API is considered Legacy. new code should use the URLSearchParams API instead.",
      "engines": {
        "node": ">=0.4.x"
      }
    },
    "node_modules/url": {
      "version": "0.11.0",
      "resolved": "https://registry.npmjs.org/url/-/url-0.11.0.tgz",
      "integrity": "sha512-kbailJa29QrtXnxgq+DdCEGlbTeYM2eJUxsz6vjZavrCYPMIFHMKQmSKYAIuUK2i7hgPm28a8piX5NTUtM/LKQ==",
      "dependencies": {
        "punycode": "1.3.2",
        "querystring": "0.2.0"
      }
    }
  }
}
